PODS:
  - Flutter (1.0.0)
  - flutter_barometer (0.0.1):
    - Flutter

DEPENDENCIES:
  - Flutter (from `Flutter`)
  - flutter_barometer (from `.symlinks/plugins/flutter_barometer/ios`)

EXTERNAL SOURCES:
  Flutter:
    :path: Flutter
  flutter_barometer:
    :path: ".symlinks/plugins/flutter_barometer/ios"

SPEC CHECKSUMS:
  Flutter: 434fef37c0980e73bb6479ef766c45957d4b510c
  flutter_barometer: a6b2763edb352f6809ffcd00c8b18121a7ac8b5f

PODFILE CHECKSUM: aafe91acc616949ddb318b77800a7f51bffa2a4c

COCOAPODS: 1.10.1
